
Microsoft Visual Studio Solution File, Format Version 12.00
# Visual Studio 15
VisualStudioVersion = 15.0.27004.2008
MinimumVisualStudioVersion = 10.0.40219.1
Project("{FAE04EC0-301F-11D3-BF4B-00C04F79EFBC}") = "Client", "Client\Client.csproj", "{3BF1FE10-57B8-40F4-8D71-CCC08ED4A332}"
EndProject
Global
	GlobalSection(SolutionConfigurationPlatforms) = preSolution
		Debug|Any CPU = Debug|Any CPU
		Release|Any CPU = Release|Any CPU
	EndGlobalSection
	GlobalSection(ProjectConfigurationPlatforms) = postSolution
		{3BF1FE10-57B8-40F4-8D71-CCC08ED4A332}.Debug|Any CPU.ActiveCfg = Debug|Any CPU
		{3BF1FE10-57B8-40F4-8D71-CCC08ED4A332}.Debug|Any CPU.Build.0 = Debug|Any CPU
		{3BF1FE10-57B8-40F4-8D71-CCC08ED4A332}.Release|Any CPU.ActiveCfg = Release|Any CPU
		{3BF1FE10-57B8-40F4-8D71-CCC08ED4A332}.Release|Any CPU.Build.0 = Release|Any CPU
	EndGlobalSection
	GlobalSection(SolutionProperties) = preSolution
		HideSolutionNode = FALSE
	EndGlobalSection
	GlobalSection(ExtensibilityGlobals) = postSolution
		SolutionGuid = {517797CC-76FA-4A71-BCC7-1CB494184FD4}
	EndGlobalSection
EndGlobal
